
Microsoft Visual Studio Solution File, Format Version 12.00
# Visual Studio 16
Project("{FAE04EC0-301F-11D3-BF4B-00C04F79EFBC}") = "Assembly-CSharp", "Assembly-CSharp.csproj", "{5A6CC499-6FF0-0B83-DECB-7D8B86262D9E}"
EndProject
Project("{FAE04EC0-301F-11D3-BF4B-00C04F79EFBC}") = "Assembly-CSharp-firstpass", "Assembly-CSharp-firstpass.csproj", "{839FE32E-B977-09F1-D230-7DCFB55158D4}"
EndProject
Project("{FAE04EC0-301F-11D3-BF4B-00C04F79EFBC}") = "Assembly-CSharp-Editor-firstpass", "Assembly-CSharp-Editor-firstpass.csproj", "{43D0E55B-0451-EFCD-AE4A-3729DBB0C527}"
EndProject
Project("{FAE04EC0-301F-11D3-BF4B-00C04F79EFBC}") = "Assembly-CSharp-Editor", "Assembly-CSharp-Editor.csproj", "{C4E86C8B-93CD-F552-7695-EFA11ADC2D8F}"
EndProject
Global
	GlobalSection(SolutionConfigurationPlatforms) = preSolution
		Debug|Any CPU = Debug|Any CPU
		Release|Any CPU = Release|Any CPU
	EndGlobalSection
	GlobalSection(ProjectConfigurationPlatforms) = postSolution
		{5A6CC499-6FF0-0B83-DECB-7D8B86262D9E}.Debug|Any CPU.ActiveCfg = Debug|Any CPU
		{5A6CC499-6FF0-0B83-DECB-7D8B86262D9E}.Debug|Any CPU.Build.0 = Debug|Any CPU
		{5A6CC499-6FF0-0B83-DECB-7D8B86262D9E}.Release|Any CPU.ActiveCfg = Release|Any CPU
		{5A6CC499-6FF0-0B83-DECB-7D8B86262D9E}.Release|Any CPU.Build.0 = Release|Any CPU
		{839FE32E-B977-09F1-D230-7DCFB55158D4}.Debug|Any CPU.ActiveCfg = Debug|Any CPU
		{839FE32E-B977-09F1-D230-7DCFB55158D4}.Debug|Any CPU.Build.0 = Debug|Any CPU
		{839FE32E-B977-09F1-D230-7DCFB55158D4}.Release|Any CPU.ActiveCfg = Release|Any CPU
		{839FE32E-B977-09F1-D230-7DCFB55158D4}.Release|Any CPU.Build.0 = Release|Any CPU
		{43D0E55B-0451-EFCD-AE4A-3729DBB0C527}.Debug|Any CPU.ActiveCfg = Debug|Any CPU
		{43D0E55B-0451-EFCD-AE4A-3729DBB0C527}.Debug|Any CPU.Build.0 = Debug|Any CPU
		{43D0E55B-0451-EFCD-AE4A-3729DBB0C527}.Release|Any CPU.ActiveCfg = Release|Any CPU
		{43D0E55B-0451-EFCD-AE4A-3729DBB0C527}.Release|Any CPU.Build.0 = Release|Any CPU
		{C4E86C8B-93CD-F552-7695-EFA11ADC2D8F}.Debug|Any CPU.ActiveCfg = Debug|Any CPU
		{C4E86C8B-93CD-F552-7695-EFA11ADC2D8F}.Debug|Any CPU.Build.0 = Debug|Any CPU
		{C4E86C8B-93CD-F552-7695-EFA11ADC2D8F}.Release|Any CPU.ActiveCfg = Release|Any CPU
		{C4E86C8B-93CD-F552-7695-EFA11ADC2D8F}.Release|Any CPU.Build.0 = Release|Any CPU
	EndGlobalSection
	GlobalSection(SolutionProperties) = preSolution
		HideSolutionNode = FALSE
	EndGlobalSection
EndGlobal
