
Microsoft Visual Studio Solution File, Format Version 12.00
# Visual Studio for Mac
Project("{FAE04EC0-301F-11D3-BF4B-00C04F79EFBC}") = "Assembly-CSharp-firstpass", "Assembly-CSharp-firstpass.csproj", "{E0A5B97A-AE18-F45D-1274-29603E33AA15}"
EndProject
Project("{FAE04EC0-301F-11D3-BF4B-00C04F79EFBC}") = "Assembly-CSharp", "Assembly-CSharp.csproj", "{8BFB5B5F-2EC7-C55A-F784-833CE0BCFB5F}"
EndProject
Project("{FAE04EC0-301F-11D3-BF4B-00C04F79EFBC}") = "Assembly-CSharp-Editor-firstpass", "Assembly-CSharp-Editor-firstpass.csproj", "{48D607F7-DE4F-CD0D-C293-1640B602008E}"
EndProject
Global
	GlobalSection(SolutionConfigurationPlatforms) = preSolution
		Debug|Any CPU = Debug|Any CPU
		Release|Any CPU = Release|Any CPU
	EndGlobalSection
	GlobalSection(ProjectConfigurationPlatforms) = postSolution
		{E0A5B97A-AE18-F45D-1274-29603E33AA15}.Debug|Any CPU.ActiveCfg = Debug|Any CPU
		{E0A5B97A-AE18-F45D-1274-29603E33AA15}.Debug|Any CPU.Build.0 = Debug|Any CPU
		{E0A5B97A-AE18-F45D-1274-29603E33AA15}.Release|Any CPU.ActiveCfg = Release|Any CPU
		{E0A5B97A-AE18-F45D-1274-29603E33AA15}.Release|Any CPU.Build.0 = Release|Any CPU
		{8BFB5B5F-2EC7-C55A-F784-833CE0BCFB5F}.Debug|Any CPU.ActiveCfg = Debug|Any CPU
		{8BFB5B5F-2EC7-C55A-F784-833CE0BCFB5F}.Debug|Any CPU.Build.0 = Debug|Any CPU
		{8BFB5B5F-2EC7-C55A-F784-833CE0BCFB5F}.Release|Any CPU.ActiveCfg = Release|Any CPU
		{8BFB5B5F-2EC7-C55A-F784-833CE0BCFB5F}.Release|Any CPU.Build.0 = Release|Any CPU
		{48D607F7-DE4F-CD0D-C293-1640B602008E}.Debug|Any CPU.ActiveCfg = Debug|Any CPU
		{48D607F7-DE4F-CD0D-C293-1640B602008E}.Debug|Any CPU.Build.0 = Debug|Any CPU
		{48D607F7-DE4F-CD0D-C293-1640B602008E}.Release|Any CPU.ActiveCfg = Release|Any CPU
		{48D607F7-DE4F-CD0D-C293-1640B602008E}.Release|Any CPU.Build.0 = Release|Any CPU
	EndGlobalSection
	GlobalSection(SolutionProperties) = preSolution
		HideSolutionNode = FALSE
	EndGlobalSection
EndGlobal
